
Microsoft Visual Studio Solution File, Format Version 12.00
# Visual Studio Version 16
VisualStudioVersion = 16.0.29009.5
MinimumVisualStudioVersion = 10.0.40219.1
Project("{9A19103F-16F7-4668-BE54-9A1E7A4F7556}") = "ESFA.DAS.EmployerProvideFeedback", "ESFA.DAS.EmployerProvideFeedback\ESFA.DAS.EmployerProvideFeedback.csproj", "{A733BCBF-822B-4BC0-9E74-C819FBFE2E08}"
EndProject
Project("{9A19103F-16F7-4668-BE54-9A1E7A4F7556}") = "UnitTests", "UnitTests\UnitTests.csproj", "{8A1869F6-E8FA-44E5-8DB4-DE4C77C2F37F}"
EndProject
Project("{9A19103F-16F7-4668-BE54-9A1E7A4F7556}") = "ESFA.DAS.ProvideFeedback.FeedbackDataAccess", "ESFA.DAS.FeedbackDataAccess\ESFA.DAS.ProvideFeedback.FeedbackDataAccess.csproj", "{2A588BA0-8BA2-46AB-831E-4FA0CF62069E}"
EndProject
Project("{9A19103F-16F7-4668-BE54-9A1E7A4F7556}") = "ESFA.DAS.ProvideFeedback.Emailer", "ESFA.DAS.ProvideFeedback.Emailer\ESFA.DAS.ProvideFeedback.Emailer.csproj", "{3984A06C-2A54-4D3A-B407-C0AFD24B3E17}"
EndProject
Project("{00D1A9C2-B5F0-4AF3-8072-F6C62B433612}") = "ESFA.DAS.EmployerFeedbackEmail.Database", "ESFA.DAS.EmployerFeedbackEmail.Database\ESFA.DAS.EmployerFeedbackEmail.Database.sqlproj", "{67C39E70-8FF4-4497-A60B-AD85E067B1F0}"
EndProject
Project("{9A19103F-16F7-4668-BE54-9A1E7A4F7556}") = "ESFA.DAS.ProvideFeedback.Data", "ESFA.DAS.EmployerFeedbackEmail.Data\ESFA.DAS.ProvideFeedback.Data.csproj", "{669CE385-EF8D-42A8-87C5-F0A8725C25CF}"
EndProject
Project("{9A19103F-16F7-4668-BE54-9A1E7A4F7556}") = "ESFA.DAS.ProvideFeedback.Domain.Entities", "ESFA.DAS.ProvideFeedback.Domain.Entities\ESFA.DAS.ProvideFeedback.Domain.Entities.csproj", "{A6063738-ED42-4469-AC8B-6893A9AFED82}"
EndProject
Project("{9A19103F-16F7-4668-BE54-9A1E7A4F7556}") = "ESFA.DAS.EmployerProvideFeedback.Api", "ESFA.DAS.EmployerProvideFeedback.Api\ESFA.DAS.EmployerProvideFeedback.Api.csproj", "{7F6DCD59-BF58-4E76-A313-715D8D71712C}"
EndProject
Project("{9A19103F-16F7-4668-BE54-9A1E7A4F7556}") = "ESFA.DAS.ProvideFeedback.Employer.Functions.Emailer", "ESFA.DAS.ProvideFeedback.Employer.Functions.Emailer\ESFA.DAS.ProvideFeedback.Employer.Functions.Emailer.csproj", "{8080A1B5-DB1B-4BEF-BD2A-3005AF06D7B6}"
EndProject
Project("{9A19103F-16F7-4668-BE54-9A1E7A4F7556}") = "ESFA.DAS.ProvideFeedback.Employer.ApplicationServices", "ESFA.DAS.ProvideFeedback.Employer.ApplicationServices\ESFA.DAS.ProvideFeedback.Employer.ApplicationServices.csproj", "{BC93130B-6FF0-4F24-98BC-D0881D95B0F3}"
EndProject
Project("{9A19103F-16F7-4668-BE54-9A1E7A4F7556}") = "IntegrationTests", "IntegrationTests\IntegrationTests.csproj", "{95466EB8-F285-4086-8488-B2589B3A7D39}"
EndProject
Project("{9A19103F-16F7-4668-BE54-9A1E7A4F7556}") = "ESFA.DAS.ProvideFeedback.Employer.Application", "ESFA.DAS.ProvideFeedback.Employer.Application\ESFA.DAS.ProvideFeedback.Employer.Application.csproj", "{1F079DC1-415D-49A7-A93D-EA8ADBBAEB58}"
EndProject
Project("{FAE04EC0-301F-11D3-BF4B-00C04F79EFBC}") = "ESFA.DAS.EmployerAccounts.Api.Client", "ESFA.DAS.EmployerAccounts.Api.Client\ESFA.DAS.EmployerAccounts.Api.Client.csproj", "{63D1AEBF-B447-431B-BF8F-E0445E3B086A}"
EndProject
Global
	GlobalSection(SolutionConfigurationPlatforms) = preSolution
		Debug|Any CPU = Debug|Any CPU
		Release|Any CPU = Release|Any CPU
	EndGlobalSection
	GlobalSection(ProjectConfigurationPlatforms) = postSolution
		{A733BCBF-822B-4BC0-9E74-C819FBFE2E08}.Debug|Any CPU.ActiveCfg = Debug|Any CPU
		{A733BCBF-822B-4BC0-9E74-C819FBFE2E08}.Debug|Any CPU.Build.0 = Debug|Any CPU
		{A733BCBF-822B-4BC0-9E74-C819FBFE2E08}.Release|Any CPU.ActiveCfg = Release|Any CPU
		{A733BCBF-822B-4BC0-9E74-C819FBFE2E08}.Release|Any CPU.Build.0 = Release|Any CPU
		{8A1869F6-E8FA-44E5-8DB4-DE4C77C2F37F}.Debug|Any CPU.ActiveCfg = Debug|Any CPU
		{8A1869F6-E8FA-44E5-8DB4-DE4C77C2F37F}.Debug|Any CPU.Build.0 = Debug|Any CPU
		{8A1869F6-E8FA-44E5-8DB4-DE4C77C2F37F}.Release|Any CPU.ActiveCfg = Release|Any CPU
		{8A1869F6-E8FA-44E5-8DB4-DE4C77C2F37F}.Release|Any CPU.Build.0 = Release|Any CPU
		{2A588BA0-8BA2-46AB-831E-4FA0CF62069E}.Debug|Any CPU.ActiveCfg = Debug|Any CPU
		{2A588BA0-8BA2-46AB-831E-4FA0CF62069E}.Debug|Any CPU.Build.0 = Debug|Any CPU
		{2A588BA0-8BA2-46AB-831E-4FA0CF62069E}.Release|Any CPU.ActiveCfg = Release|Any CPU
		{2A588BA0-8BA2-46AB-831E-4FA0CF62069E}.Release|Any CPU.Build.0 = Release|Any CPU
		{3984A06C-2A54-4D3A-B407-C0AFD24B3E17}.Debug|Any CPU.ActiveCfg = Debug|Any CPU
		{3984A06C-2A54-4D3A-B407-C0AFD24B3E17}.Debug|Any CPU.Build.0 = Debug|Any CPU
		{3984A06C-2A54-4D3A-B407-C0AFD24B3E17}.Release|Any CPU.ActiveCfg = Release|Any CPU
		{3984A06C-2A54-4D3A-B407-C0AFD24B3E17}.Release|Any CPU.Build.0 = Release|Any CPU
		{67C39E70-8FF4-4497-A60B-AD85E067B1F0}.Debug|Any CPU.ActiveCfg = Debug|Any CPU
		{67C39E70-8FF4-4497-A60B-AD85E067B1F0}.Debug|Any CPU.Build.0 = Debug|Any CPU
		{67C39E70-8FF4-4497-A60B-AD85E067B1F0}.Debug|Any CPU.Deploy.0 = Debug|Any CPU
		{67C39E70-8FF4-4497-A60B-AD85E067B1F0}.Release|Any CPU.ActiveCfg = Release|Any CPU
		{67C39E70-8FF4-4497-A60B-AD85E067B1F0}.Release|Any CPU.Build.0 = Release|Any CPU
		{67C39E70-8FF4-4497-A60B-AD85E067B1F0}.Release|Any CPU.Deploy.0 = Release|Any CPU
		{669CE385-EF8D-42A8-87C5-F0A8725C25CF}.Debug|Any CPU.ActiveCfg = Debug|Any CPU
		{669CE385-EF8D-42A8-87C5-F0A8725C25CF}.Debug|Any CPU.Build.0 = Debug|Any CPU
		{669CE385-EF8D-42A8-87C5-F0A8725C25CF}.Release|Any CPU.ActiveCfg = Release|Any CPU
		{669CE385-EF8D-42A8-87C5-F0A8725C25CF}.Release|Any CPU.Build.0 = Release|Any CPU
		{A6063738-ED42-4469-AC8B-6893A9AFED82}.Debug|Any CPU.ActiveCfg = Debug|Any CPU
		{A6063738-ED42-4469-AC8B-6893A9AFED82}.Debug|Any CPU.Build.0 = Debug|Any CPU
		{A6063738-ED42-4469-AC8B-6893A9AFED82}.Release|Any CPU.ActiveCfg = Release|Any CPU
		{A6063738-ED42-4469-AC8B-6893A9AFED82}.Release|Any CPU.Build.0 = Release|Any CPU
		{7F6DCD59-BF58-4E76-A313-715D8D71712C}.Debug|Any CPU.ActiveCfg = Debug|Any CPU
		{7F6DCD59-BF58-4E76-A313-715D8D71712C}.Debug|Any CPU.Build.0 = Debug|Any CPU
		{7F6DCD59-BF58-4E76-A313-715D8D71712C}.Release|Any CPU.ActiveCfg = Release|Any CPU
		{7F6DCD59-BF58-4E76-A313-715D8D71712C}.Release|Any CPU.Build.0 = Release|Any CPU
		{8080A1B5-DB1B-4BEF-BD2A-3005AF06D7B6}.Debug|Any CPU.ActiveCfg = Debug|Any CPU
		{8080A1B5-DB1B-4BEF-BD2A-3005AF06D7B6}.Debug|Any CPU.Build.0 = Debug|Any CPU
		{8080A1B5-DB1B-4BEF-BD2A-3005AF06D7B6}.Release|Any CPU.ActiveCfg = Release|Any CPU
		{8080A1B5-DB1B-4BEF-BD2A-3005AF06D7B6}.Release|Any CPU.Build.0 = Release|Any CPU
		{BC93130B-6FF0-4F24-98BC-D0881D95B0F3}.Debug|Any CPU.ActiveCfg = Debug|Any CPU
		{BC93130B-6FF0-4F24-98BC-D0881D95B0F3}.Debug|Any CPU.Build.0 = Debug|Any CPU
		{BC93130B-6FF0-4F24-98BC-D0881D95B0F3}.Release|Any CPU.ActiveCfg = Release|Any CPU
		{BC93130B-6FF0-4F24-98BC-D0881D95B0F3}.Release|Any CPU.Build.0 = Release|Any CPU
		{95466EB8-F285-4086-8488-B2589B3A7D39}.Debug|Any CPU.ActiveCfg = Debug|Any CPU
		{95466EB8-F285-4086-8488-B2589B3A7D39}.Debug|Any CPU.Build.0 = Debug|Any CPU
		{95466EB8-F285-4086-8488-B2589B3A7D39}.Release|Any CPU.ActiveCfg = Release|Any CPU
		{95466EB8-F285-4086-8488-B2589B3A7D39}.Release|Any CPU.Build.0 = Release|Any CPU
		{1F079DC1-415D-49A7-A93D-EA8ADBBAEB58}.Debug|Any CPU.ActiveCfg = Debug|Any CPU
		{1F079DC1-415D-49A7-A93D-EA8ADBBAEB58}.Debug|Any CPU.Build.0 = Debug|Any CPU
		{1F079DC1-415D-49A7-A93D-EA8ADBBAEB58}.Release|Any CPU.ActiveCfg = Release|Any CPU
		{1F079DC1-415D-49A7-A93D-EA8ADBBAEB58}.Release|Any CPU.Build.0 = Release|Any CPU
		{63D1AEBF-B447-431B-BF8F-E0445E3B086A}.Debug|Any CPU.ActiveCfg = Debug|Any CPU
		{63D1AEBF-B447-431B-BF8F-E0445E3B086A}.Debug|Any CPU.Build.0 = Debug|Any CPU
		{63D1AEBF-B447-431B-BF8F-E0445E3B086A}.Release|Any CPU.ActiveCfg = Release|Any CPU
		{63D1AEBF-B447-431B-BF8F-E0445E3B086A}.Release|Any CPU.Build.0 = Release|Any CPU
	EndGlobalSection
	GlobalSection(SolutionProperties) = preSolution
		HideSolutionNode = FALSE
	EndGlobalSection
	GlobalSection(ExtensibilityGlobals) = postSolution
		SolutionGuid = {E9FF7E0F-2806-439A-A514-B3D3A483FC79}
	EndGlobalSection
EndGlobal
