
Microsoft Visual Studio Solution File, Format Version 12.00
# Visual Studio 15
VisualStudioVersion = 15.0.27703.2042
MinimumVisualStudioVersion = 10.0.40219.1
Project("{9A19103F-16F7-4668-BE54-9A1E7A4F7556}") = "ESFA.DAS.EmployerProvideFeedback", "ESFA.DAS.ProvideFeedback\ESFA.DAS.EmployerProvideFeedback.csproj", "{3DC446F5-CD3C-4F92-B517-5BDF9FDE34F3}"
EndProject
Global
	GlobalSection(SolutionConfigurationPlatforms) = preSolution
		Debug|Any CPU = Debug|Any CPU
		Release|Any CPU = Release|Any CPU
	EndGlobalSection
	GlobalSection(ProjectConfigurationPlatforms) = postSolution
		{3DC446F5-CD3C-4F92-B517-5BDF9FDE34F3}.Debug|Any CPU.ActiveCfg = Debug|Any CPU
		{3DC446F5-CD3C-4F92-B517-5BDF9FDE34F3}.Debug|Any CPU.Build.0 = Debug|Any CPU
		{3DC446F5-CD3C-4F92-B517-5BDF9FDE34F3}.Release|Any CPU.ActiveCfg = Release|Any CPU
		{3DC446F5-CD3C-4F92-B517-5BDF9FDE34F3}.Release|Any CPU.Build.0 = Release|Any CPU
	EndGlobalSection
	GlobalSection(SolutionProperties) = preSolution
		HideSolutionNode = FALSE
	EndGlobalSection
	GlobalSection(ExtensibilityGlobals) = postSolution
		SolutionGuid = {E9FF7E0F-2806-439A-A514-B3D3A483FC79}
	EndGlobalSection
EndGlobal
